
Microsoft Visual Studio Solution File, Format Version 12.00
# Visual Studio Version 17
VisualStudioVersion = 17.0.32014.148
MinimumVisualStudioVersion = 10.0.40219.1
Project("{FAE04EC0-301F-11D3-BF4B-00C04F79EFBC}") = "Moyneur_CourseProject_part1", "Moyneur_CourseProject_part1\Moyneur_CourseProject_part1.csproj", "{53DC843A-BB99-4156-B6C8-E036C7C7F861}"
EndProject
Global
	GlobalSection(SolutionConfigurationPlatforms) = preSolution
		Debug|Any CPU = Debug|Any CPU
		Release|Any CPU = Release|Any CPU
	EndGlobalSection
	GlobalSection(ProjectConfigurationPlatforms) = postSolution
		{53DC843A-BB99-4156-B6C8-E036C7C7F861}.Debug|Any CPU.ActiveCfg = Debug|Any CPU
		{53DC843A-BB99-4156-B6C8-E036C7C7F861}.Debug|Any CPU.Build.0 = Debug|Any CPU
		{53DC843A-BB99-4156-B6C8-E036C7C7F861}.Release|Any CPU.ActiveCfg = Release|Any CPU
		{53DC843A-BB99-4156-B6C8-E036C7C7F861}.Release|Any CPU.Build.0 = Release|Any CPU
	EndGlobalSection
	GlobalSection(SolutionProperties) = preSolution
		HideSolutionNode = FALSE
	EndGlobalSection
	GlobalSection(ExtensibilityGlobals) = postSolution
		SolutionGuid = {E5EF9AEC-DF95-4D25-AA6A-57E7208D8A87}
	EndGlobalSection
EndGlobal
